
Microsoft Visual Studio Solution File, Format Version 12.00
# Visual Studio Version 17
VisualStudioVersion = 17.3.32825.248
MinimumVisualStudioVersion = 10.0.40219.1
Project("{FAE04EC0-301F-11D3-BF4B-00C04F79EFBC}") = "Get_Dream_Job.API", "Get_Dream_Job.API\Get_Dream_Job.API.csproj", "{C92A45A2-634F-4042-B9AA-D95F1C7205AF}"
EndProject
Global
	GlobalSection(SolutionConfigurationPlatforms) = preSolution
		Debug|Any CPU = Debug|Any CPU
		Release|Any CPU = Release|Any CPU
	EndGlobalSection
	GlobalSection(ProjectConfigurationPlatforms) = postSolution
		{C92A45A2-634F-4042-B9AA-D95F1C7205AF}.Debug|Any CPU.ActiveCfg = Debug|Any CPU
		{C92A45A2-634F-4042-B9AA-D95F1C7205AF}.Debug|Any CPU.Build.0 = Debug|Any CPU
		{C92A45A2-634F-4042-B9AA-D95F1C7205AF}.Release|Any CPU.ActiveCfg = Release|Any CPU
		{C92A45A2-634F-4042-B9AA-D95F1C7205AF}.Release|Any CPU.Build.0 = Release|Any CPU
	EndGlobalSection
	GlobalSection(SolutionProperties) = preSolution
		HideSolutionNode = FALSE
	EndGlobalSection
	GlobalSection(ExtensibilityGlobals) = postSolution
		SolutionGuid = {A49A2357-280B-4FCD-8475-72B8938FA71F}
	EndGlobalSection
EndGlobal
